
Microsoft Visual Studio Solution File, Format Version 12.00
# Visual Studio Version 17
VisualStudioVersion = 17.14.36518.9
MinimumVisualStudioVersion = 10.0.40219.1
Project("{8BC9CEB8-8B4A-11D0-8D11-00A0C91BC942}") = "OpenGLTutorial", "Tutorial\OpenGLTutorial.vcxproj", "{560853CB-200B-5385-0F0D-72AE1E4DFFB4}"
EndProject
Global
	GlobalSection(SolutionConfigurationPlatforms) = preSolution
		Debug|x64 = Debug|x64
		Debug|x86 = Debug|x86
		Release|x64 = Release|x64
		Release|x86 = Release|x86
	EndGlobalSection
	GlobalSection(ProjectConfigurationPlatforms) = postSolution
		{560853CB-200B-5385-0F0D-72AE1E4DFFB4}.Debug|x64.ActiveCfg = Debug|x64
		{560853CB-200B-5385-0F0D-72AE1E4DFFB4}.Debug|x64.Build.0 = Debug|x64
		{560853CB-200B-5385-0F0D-72AE1E4DFFB4}.Debug|x86.ActiveCfg = Debug|Win32
		{560853CB-200B-5385-0F0D-72AE1E4DFFB4}.Debug|x86.Build.0 = Debug|Win32
		{560853CB-200B-5385-0F0D-72AE1E4DFFB4}.Release|x64.ActiveCfg = Release|x64
		{560853CB-200B-5385-0F0D-72AE1E4DFFB4}.Release|x64.Build.0 = Release|x64
		{560853CB-200B-5385-0F0D-72AE1E4DFFB4}.Release|x86.ActiveCfg = Release|Win32
		{560853CB-200B-5385-0F0D-72AE1E4DFFB4}.Release|x86.Build.0 = Release|Win32
	EndGlobalSection
	GlobalSection(SolutionProperties) = preSolution
		HideSolutionNode = FALSE
	EndGlobalSection
	GlobalSection(ExtensibilityGlobals) = postSolution
		SolutionGuid = {06179CDA-220B-4D77-ADBA-B5A2B3FE5542}
	EndGlobalSection
EndGlobal
